# Runtime lock for Eyle (Python 3.11+).
# Flask runtime + pytest runtime tool + pinned Microsandbox microVM backend.
Flask==3.0.3
Werkzeug==3.0.3
Jinja2==3.1.4
MarkupSafe==2.1.5
itsdangerous==2.2.0
click==8.1.7
blinker==1.8.2
pytest==8.2.2
microsandbox==0.6.8
iniconfig==2.0.0
packaging==24.1
pluggy==1.5.0
colorama==0.4.6; sys_platform == "win32"
